
Microsoft Visual Studio Solution File, Format Version 12.00
# Visual Studio Version 17
VisualStudioVersion = 17.6.33815.320
MinimumVisualStudioVersion = 10.0.40219.1
Project("{FAE04EC0-301F-11D3-BF4B-00C04F79EFBC}") = "CaseStudyApp.API", "CaseStudyApp.API\CaseStudyApp.API.csproj", "{37BF16C6-D0FF-4C86-B052-A6B63D17F9CC}"
EndProject
Project("{FAE04EC0-301F-11D3-BF4B-00C04F79EFBC}") = "CaseStudyApp.MVC", "CaseStudyApp.MVC\CaseStudyApp.MVC.csproj", "{FCE2E9F4-149C-44E3-9D87-2468BEC7D0BA}"
EndProject
Global
	GlobalSection(SolutionConfigurationPlatforms) = preSolution
		Debug|Any CPU = Debug|Any CPU
		Release|Any CPU = Release|Any CPU
	EndGlobalSection
	GlobalSection(ProjectConfigurationPlatforms) = postSolution
		{37BF16C6-D0FF-4C86-B052-A6B63D17F9CC}.Debug|Any CPU.ActiveCfg = Debug|Any CPU
		{37BF16C6-D0FF-4C86-B052-A6B63D17F9CC}.Debug|Any CPU.Build.0 = Debug|Any CPU
		{37BF16C6-D0FF-4C86-B052-A6B63D17F9CC}.Release|Any CPU.ActiveCfg = Release|Any CPU
		{37BF16C6-D0FF-4C86-B052-A6B63D17F9CC}.Release|Any CPU.Build.0 = Release|Any CPU
		{FCE2E9F4-149C-44E3-9D87-2468BEC7D0BA}.Debug|Any CPU.ActiveCfg = Debug|Any CPU
		{FCE2E9F4-149C-44E3-9D87-2468BEC7D0BA}.Debug|Any CPU.Build.0 = Debug|Any CPU
		{FCE2E9F4-149C-44E3-9D87-2468BEC7D0BA}.Release|Any CPU.ActiveCfg = Release|Any CPU
		{FCE2E9F4-149C-44E3-9D87-2468BEC7D0BA}.Release|Any CPU.Build.0 = Release|Any CPU
	EndGlobalSection
	GlobalSection(SolutionProperties) = preSolution
		HideSolutionNode = FALSE
	EndGlobalSection
	GlobalSection(ExtensibilityGlobals) = postSolution
		SolutionGuid = {07E5DD74-4FB7-43B2-B34E-7CB0E041BC22}
	EndGlobalSection
EndGlobal
